version: 2.0
shards:
  crystal-dfa:
    git: https://github.com/skinnyjames/crystal-dfa.git
    version: 0.4.1+git.commit.2c2b37dca5b629ddba269574dcc49233d1b50a7d

  msgpack:
    git: https://github.com/crystal-community/msgpack-crystal.git
    version: 1.3.4+git.commit.46722a2502cb86b07a1461a2f5dca2e9a4db7d1b

